
Microsoft Visual Studio Solution File, Format Version 12.00
# Visual Studio Version 16
VisualStudioVersion = 16.0.30523.141
MinimumVisualStudioVersion = 10.0.40219.1
Project("{FAE04EC0-301F-11D3-BF4B-00C04F79EFBC}") = "mobro-monitoring-cs", "mobro-monitoring-cs.csproj", "{DC867E7A-74F8-426C-8FFB-D19562723076}"
EndProject
Global
	GlobalSection(SolutionConfigurationPlatforms) = preSolution
		Debug|Any CPU = Debug|Any CPU
		Release|Any CPU = Release|Any CPU
	EndGlobalSection
	GlobalSection(ProjectConfigurationPlatforms) = postSolution
		{DC867E7A-74F8-426C-8FFB-D19562723076}.Debug|Any CPU.ActiveCfg = Debug|Any CPU
		{DC867E7A-74F8-426C-8FFB-D19562723076}.Debug|Any CPU.Build.0 = Debug|Any CPU
		{DC867E7A-74F8-426C-8FFB-D19562723076}.Release|Any CPU.ActiveCfg = Release|Any CPU
		{DC867E7A-74F8-426C-8FFB-D19562723076}.Release|Any CPU.Build.0 = Release|Any CPU
	EndGlobalSection
	GlobalSection(SolutionProperties) = preSolution
		HideSolutionNode = FALSE
	EndGlobalSection
	GlobalSection(ExtensibilityGlobals) = postSolution
		SolutionGuid = {4727427E-AC4D-4CCA-BFB0-B3496F66147F}
	EndGlobalSection
EndGlobal
